// !$*UTF8*$!
{
	archiveVersion = 1;
	classes = {
	};
	objectVersion = 50;
	objects = {

/* Begin PBXBuildFile section */
		94591C13217111DC001795A3 /* AppDelegate.swift in Sources */ = {isa = PBXBuildFile; fileRef = 94591C12217111DC001795A3 /* AppDelegate.swift */; };
		94591C15217111DC001795A3 /* ViewController.swift in Sources */ = {isa = PBXBuildFile; fileRef = 94591C14217111DC001795A3 /* ViewController.swift */; };
		94591C18217111DC001795A3 /* Main.storyboard in Resources */ = {isa = PBXBuildFile; fileRef = 94591C16217111DC001795A3 /* Main.storyboard */; };
		94591C1B217111DC001795A3 /* map.xcdatamodeld in Sources */ = {isa = PBXBuildFile; fileRef = 94591C19217111DC001795A3 /* map.xcdatamodeld */; };
		94591C1D217111DE001795A3 /* Assets.xcassets in Resources */ = {isa = PBXBuildFile; fileRef = 94591C1C217111DE001795A3 /* Assets.xcassets */; };
		94591C20217111DE001795A3 /* LaunchScreen.storyboard in Resources */ = {isa = PBXBuildFile; fileRef = 94591C1E217111DE001795A3 /* LaunchScreen.storyboard */; };
		94591C2B217111DE001795A3 /* mapTests.swift in Sources */ = {isa = PBXBuildFile; fileRef = 94591C2A217111DE001795A3 /* mapTests.swift */; };
		94591C36217111DE001795A3 /* mapUITests.swift in Sources */ = {isa = PBXBuildFile; fileRef = 94591C35217111DE001795A3 /* mapUITests.swift */; };
/* End PBXBuildFile section */

/* Begin PBXContainerItemProxy section */
		94591C27217111DE001795A3 /* PBXContainerItemProxy */ = {
			isa = PBXContainerItemProxy;
			containerPortal = 94591C07217111DC001795A3 /* Project object */;
			proxyType = 1;
			remoteGlobalIDString = 94591C0E217111DC001795A3;
			remoteInfo = map;
		};
		94591C32217111DE001795A3 /* PBXContainerItemProxy */ = {
			isa = PBXContainerItemProxy;
			containerPortal = 94591C07217111DC001795A3 /* Project object */;
			proxyType = 1;
			remoteGlobalIDString = 94591C0E217111DC001795A3;
			remoteInfo = map;
		};
/* End PBXContainerItemProxy section */

/* Begin PBXFileReference section */
		94591C0F217111DC001795A3 /* map.app */ = {isa = PBXFileReference; explicitFileType = wrapper.application; includeInIndex = 0; path = map.app; sourceTree = BUILT_PRODUCTS_DIR; };
		94591C12217111DC001795A3 /* AppDelegate.swift */ = {isa = PBXFileReference; lastKnownFileType = sourcecode.swift; path = AppDelegate.swift; sourceTree = "<group>"; };
		94591C14217111DC001795A3 /* ViewController.swift */ = {isa = PBXFileReference; lastKnownFileType = sourcecode.swift; path = ViewController.swift; sourceTree = "<group>"; };
		94591C17217111DC001795A3 /* Base */ = {isa = PBXFileReference; lastKnownFileType = file.storyboard; name = Base; path = Base.lproj/Main.storyboard; sourceTree = "<group>"; };
		94591C1A217111DC001795A3 /* map.xcdatamodel */ = {isa = PBXFileReference; lastKnownFileType = wrapper.xcdatamodel; path = map.xcdatamodel; sourceTree = "<group>"; };
		94591C1C217111DE001795A3 /* Assets.xcassets */ = {isa = PBXFileReference; lastKnownFileType = folder.assetcatalog; path = Assets.xcassets; sourceTree = "<group>"; };
		94591C1F217111DE001795A3 /* Base */ = {isa = PBXFileReference; lastKnownFileType = file.storyboard; name = Base; path = Base.lproj/LaunchScreen.storyboard; sourceTree = "<group>"; };
		94591C21217111DE001795A3 /* Info.plist */ = {isa = PBXFileReference; lastKnownFileType = text.plist.xml; path = Info.plist; sourceTree = "<group>"; };
		94591C26217111DE001795A3 /* mapTests.xctest */ = {isa = PBXFileReference; explicitFileType = wrapper.cfbundle; includeInIndex = 0; path = mapTests.xctest; sourceTree = BUILT_PRODUCTS_DIR; };
		94591C2A217111DE001795A3 /* mapTests.swift */ = {isa = PBXFileReference; lastKnownFileType = sourcecode.swift; path = mapTests.swift; sourceTree = "<group>"; };
		94591C2C217111DE001795A3 /* Info.plist */ = {isa = PBXFileReference; lastKnownFileType = text.plist.xml; path = Info.plist; sourceTree = "<group>"; };
		94591C31217111DE001795A3 /* mapUITests.xctest */ = {isa = PBXFileReference; explicitFileType = wrapper.cfbundle; includeInIndex = 0; path = mapUITests.xctest; sourceTree = BUILT_PRODUCTS_DIR; };
		94591C35217111DE001795A3 /* mapUITests.swift */ = {isa = PBXFileReference; lastKnownFileType = sourcecode.swift; path = mapUITests.swift; sourceTree = "<group>"; };
		94591C37217111DF001795A3 /* Info.plist */ = {isa = PBXFileReference; lastKnownFileType = text.plist.xml; path = Info.plist; sourceTree = "<group>"; };
/* End PBXFileReference section */

/* Begin PBXFrameworksBuildPhase section */
		94591C0C217111DC001795A3 /* Frameworks */ = {
			isa = PBXFrameworksBuildPhase;
			buildActionMask = 2147483647;
			files = (
			);
			runOnlyForDeploymentPostprocessing = 0;
		};
		94591C23217111DE001795A3 /* Frameworks */ = {
			isa = PBXFrameworksBuildPhase;
			buildActionMask = 2147483647;
			files = (
			);
			runOnlyForDeploymentPostprocessing = 0;
		};
		94591C2E217111DE001795A3 /* Frameworks */ = {
			isa = PBXFrameworksBuildPhase;
			buildActionMask = 2147483647;
			files = (
			);
			runOnlyForDeploymentPostprocessing = 0;
		};
/* End PBXFrameworksBuildPhase section */

/* Begin PBXGroup section */
		94591C06217111DC001795A3 = {
			isa = PBXGroup;
			children = (
				94591C11217111DC001795A3 /* map */,
				94591C29217111DE001795A3 /* mapTests */,
				94591C34217111DE001795A3 /* mapUITests */,
				94591C10217111DC001795A3 /* Products */,
			);
			sourceTree = "<group>";
		};
		94591C10217111DC001795A3 /* Products */ = {
			isa = PBXGroup;
			children = (
				94591C0F217111DC001795A3 /* map.app */,
				94591C26217111DE001795A3 /* mapTests.xctest */,
				94591C31217111DE001795A3 /* mapUITests.xctest */,
			);
			name = Products;
			sourceTree = "<group>";
		};
		94591C11217111DC001795A3 /* map */ = {
			isa = PBXGroup;
			children = (
				94591C12217111DC001795A3 /* AppDelegate.swift */,
				94591C14217111DC001795A3 /* ViewController.swift */,
				94591C16217111DC001795A3 /* Main.storyboard */,
				94591C1C217111DE001795A3 /* Assets.xcassets */,
				94591C1E217111DE001795A3 /* LaunchScreen.storyboard */,
				94591C21217111DE001795A3 /* Info.plist */,
				94591C19217111DC001795A3 /* map.xcdatamodeld */,
			);
			path = map;
			sourceTree = "<group>";
		};
		94591C29217111DE001795A3 /* mapTests */ = {
			isa = PBXGroup;
			children = (
				94591C2A217111DE001795A3 /* mapTests.swift */,
				94591C2C217111DE001795A3 /* Info.plist */,
			);
			path = mapTests;
			sourceTree = "<group>";
		};
		94591C34217111DE001795A3 /* mapUITests */ = {
			isa = PBXGroup;
			children = (
				94591C35217111DE001795A3 /* mapUITests.swift */,
				94591C37217111DF001795A3 /* Info.plist */,
			);
			path = mapUITests;
			sourceTree = "<group>";
		};
/* End PBXGroup section */

/* Begin PBXNativeTarget section */
		94591C0E217111DC001795A3 /* map */ = {
			isa = PBXNativeTarget;
			buildConfigurationList = 94591C3A217111DF001795A3 /* Build configuration list for PBXNativeTarget "map" */;
			buildPhases = (
				94591C0B217111DC001795A3 /* Sources */,
				94591C0C217111DC001795A3 /* Frameworks */,
				94591C0D217111DC001795A3 /* Resources */,
			);
			buildRules = (
			);
			dependencies = (
			);
			name = map;
			productName = map;
			productReference = 94591C0F217111DC001795A3 /* map.app */;
			productType = "com.apple.product-type.application";
		};
		94591C25217111DE001795A3 /* mapTests */ = {
			isa = PBXNativeTarget;
			buildConfigurationList = 94591C3D217111DF001795A3 /* Build configuration list for PBXNativeTarget "mapTests" */;
			buildPhases = (
				94591C22217111DE001795A3 /* Sources */,
				94591C23217111DE001795A3 /* Frameworks */,
				94591C24217111DE001795A3 /* Resources */,
			);
			buildRules = (
			);
			dependencies = (
				94591C28217111DE001795A3 /* PBXTargetDependency */,
			);
			name = mapTests;
			productName = mapTests;
			productReference = 94591C26217111DE001795A3 /* mapTests.xctest */;
			productType = "com.apple.product-type.bundle.unit-test";
		};
		94591C30217111DE001795A3 /* mapUITests */ = {
			isa = PBXNativeTarget;
			buildConfigurationList = 94591C40217111DF001795A3 /* Build configuration list for PBXNativeTarget "mapUITests" */;
			buildPhases = (
				94591C2D217111DE001795A3 /* Sources */,
				94591C2E217111DE001795A3 /* Frameworks */,
				94591C2F217111DE001795A3 /* Resources */,
			);
			buildRules = (
			);
			dependencies = (
				94591C33217111DE001795A3 /* PBXTargetDependency */,
			);
			name = mapUITests;
			productName = mapUITests;
			productReference = 94591C31217111DE001795A3 /* mapUITests.xctest */;
			productType = "com.apple.product-type.bundle.ui-testing";
		};
/* End PBXNativeTarget section */

/* Begin PBXProject section */
		94591C07217111DC001795A3 /* Project object */ = {
			isa = PBXProject;
			attributes = {
				LastSwiftUpdateCheck = 1000;
				LastUpgradeCheck = 1000;
				ORGANIZATIONNAME = Ryan;
				TargetAttributes = {
					94591C0E217111DC001795A3 = {
						CreatedOnToolsVersion = 10.0;
					};
					94591C25217111DE001795A3 = {
						CreatedOnToolsVersion = 10.0;
						TestTargetID = 94591C0E217111DC001795A3;
					};
					94591C30217111DE001795A3 = {
						CreatedOnToolsVersion = 10.0;
						TestTargetID = 94591C0E217111DC001795A3;
					};
				};
			};
			buildConfigurationList = 94591C0A217111DC001795A3 /* Build configuration list for PBXProject "map" */;
			compatibilityVersion = "Xcode 9.3";
			developmentRegion = en;
			hasScannedForEncodings = 0;
			knownRegions = (
				en,
				Base,
			);
			mainGroup = 94591C06217111DC001795A3;
			productRefGroup = 94591C10217111DC001795A3 /* Products */;
			projectDirPath = "";
			projectRoot = "";
			targets = (
				94591C0E217111DC001795A3 /* map */,
				94591C25217111DE001795A3 /* mapTests */,
				94591C30217111DE001795A3 /* mapUITests */,
			);
		};
/* End PBXProject section */

/* Begin PBXResourcesBuildPhase section */
		94591C0D217111DC001795A3 /* Resources */ = {
			isa = PBXResourcesBuildPhase;
			buildActionMask = 2147483647;
			files = (
				94591C20217111DE001795A3 /* LaunchScreen.storyboard in Resources */,
				94591C1D217111DE001795A3 /* Assets.xcassets in Resources */,
				94591C18217111DC001795A3 /* Main.storyboard in Resources */,
			);
			runOnlyForDeploymentPostprocessing = 0;
		};
		94591C24217111DE001795A3 /* Resources */ = {
			isa = PBXResourcesBuildPhase;
			buildActionMask = 2147483647;
			files = (
			);
			runOnlyForDeploymentPostprocessing = 0;
		};
		94591C2F217111DE001795A3 /* Resources */ = {
			isa = PBXResourcesBuildPhase;
			buildActionMask = 2147483647;
			files = (
			);
			runOnlyForDeploymentPostprocessing = 0;
		};
/* End PBXResourcesBuildPhase section */

/* Begin PBXSourcesBuildPhase section */
		94591C0B217111DC001795A3 /* Sources */ = {
			isa = PBXSourcesBuildPhase;
			buildActionMask = 2147483647;
			files = (
				94591C1B217111DC001795A3 /* map.xcdatamodeld in Sources */,
				94591C15217111DC001795A3 /* ViewController.swift in Sources */,
				94591C13217111DC001795A3 /* AppDelegate.swift in Sources */,
			);
			runOnlyForDeploymentPostprocessing = 0;
		};
		94591C22217111DE001795A3 /* Sources */ = {
			isa = PBXSourcesBuildPhase;
			buildActionMask = 2147483647;
			files = (
				94591C2B217111DE001795A3 /* mapTests.swift in Sources */,
			);
			runOnlyForDeploymentPostprocessing = 0;
		};
		94591C2D217111DE001795A3 /* Sources */ = {
			isa = PBXSourcesBuildPhase;
			buildActionMask = 2147483647;
			files = (
				94591C36217111DE001795A3 /* mapUITests.swift in Sources */,
			);
			runOnlyForDeploymentPostprocessing = 0;
		};
/* End PBXSourcesBuildPhase section */

/* Begin PBXTargetDependency section */
		94591C28217111DE001795A3 /* PBXTargetDependency */ = {
			isa = PBXTargetDependency;
			target = 94591C0E217111DC001795A3 /* map */;
			targetProxy = 94591C27217111DE001795A3 /* PBXContainerItemProxy */;
		};
		94591C33217111DE001795A3 /* PBXTargetDependency */ = {
			isa = PBXTargetDependency;
			target = 94591C0E217111DC001795A3 /* map */;
			targetProxy = 94591C32217111DE001795A3 /* PBXContainerItemProxy */;
		};
/* End PBXTargetDependency section */

/* Begin PBXVariantGroup section */
		94591C16217111DC001795A3 /* Main.storyboard */ = {
			isa = PBXVariantGroup;
			children = (
				94591C17217111DC001795A3 /* Base */,
			);
			name = Main.storyboard;
			sourceTree = "<group>";
		};
		94591C1E217111DE001795A3 /* LaunchScreen.storyboard */ = {
			isa = PBXVariantGroup;
			children = (
				94591C1F217111DE001795A3 /* Base */,
			);
			name = LaunchScreen.storyboard;
			sourceTree = "<group>";
		};
/* End PBXVariantGroup section */

/* Begin XCBuildConfiguration section */
		94591C38217111DF001795A3 /* Debug */ = {
			isa = XCBuildConfiguration;
			buildSettings = {
				ALWAYS_SEARCH_USER_PATHS = NO;
				CLANG_ANALYZER_NONNULL = YES;
				CLANG_ANALYZER_NUMBER_OBJECT_CONVERSION = YES_AGGRESSIVE;
				CLANG_CXX_LANGUAGE_STANDARD = "gnu++14";
				CLANG_CXX_LIBRARY = "libc++";
				CLANG_ENABLE_MODULES = YES;
				CLANG_ENABLE_OBJC_ARC = YES;
				CLANG_ENABLE_OBJC_WEAK = YES;
				CLANG_WARN_BLOCK_CAPTURE_AUTORELEASING = YES;
				CLANG_WARN_BOOL_CONVERSION = YES;
				CLANG_WARN_COMMA = YES;
				CLANG_WARN_CONSTANT_CONVERSION = YES;
				CLANG_WARN_DEPRECATED_OBJC_IMPLEMENTATIONS = YES;
				CLANG_WARN_DIRECT_OBJC_ISA_USAGE = YES_ERROR;
				CLANG_WARN_DOCUMENTATION_COMMENTS = YES;
				CLANG_WARN_EMPTY_BODY = YES;
				CLANG_WARN_ENUM_CONVERSION = YES;
				CLANG_WARN_INFINITE_RECURSION = YES;
				CLANG_WARN_INT_CONVERSION = YES;
				CLANG_WARN_NON_LITERAL_NULL_CONVERSION = YES;
				CLANG_WARN_OBJC_IMPLICIT_RETAIN_SELF = YES;
				CLANG_WARN_OBJC_LITERAL_CONVERSION = YES;
				CLANG_WARN_OBJC_ROOT_CLASS = YES_ERROR;
				CLANG_WARN_RANGE_LOOP_ANALYSIS = YES;
				CLANG_WARN_STRICT_PROTOTYPES = YES;
				CLANG_WARN_SUSPICIOUS_MOVE = YES;
				CLANG_WARN_UNGUARDED_AVAILABILITY = YES_AGGRESSIVE;
				CLANG_WARN_UNREACHABLE_CODE = YES;
				CLANG_WARN__DUPLICATE_METHOD_MATCH = YES;
				CODE_SIGN_IDENTITY = "iPhone Developer";
				COPY_PHASE_STRIP = NO;
				DEBUG_INFORMATION_FORMAT = dwarf;
				ENABLE_STRICT_OBJC_MSGSEND = YES;
				ENABLE_TESTABILITY = YES;
				GCC_C_LANGUAGE_STANDARD = gnu11;
				GCC_DYNAMIC_NO_PIC = NO;
				GCC_NO_COMMON_BLOCKS = YES;
				GCC_OPTIMIZATION_LEVEL = 0;
				GCC_PREPROCESSOR_DEFINITIONS = (
					"DEBUG=1",
					"$(inherited)",
				);
				GCC_WARN_64_TO_32_BIT_CONVERSION = YES;
				GCC_WARN_ABOUT_RETURN_TYPE = YES_ERROR;
				GCC_WARN_UNDECLARED_SELECTOR = YES;
				GCC_WARN_UNINITIALIZED_AUTOS = YES_AGGRESSIVE;
				GCC_WARN_UNUSED_FUNCTION = YES;
				GCC_WARN_UNUSED_VARIABLE = YES;
				IPHONEOS_DEPLOYMENT_TARGET = 12.0;
				MTL_ENABLE_DEBUG_INFO = INCLUDE_SOURCE;
				MTL_FAST_MATH = YES;
				ONLY_ACTIVE_ARCH = YES;
				SDKROOT = iphoneos;
				SWIFT_ACTIVE_COMPILATION_CONDITIONS = DEBUG;
				SWIFT_OPTIMIZATION_LEVEL = "-Onone";
			};
			name = Debug;
		};
		94591C39217111DF001795A3 /* Release */ = {
			isa = XCBuildConfiguration;
			buildSettings = {
				ALWAYS_SEARCH_USER_PATHS = NO;
				CLANG_ANALYZER_NONNULL = YES;
				CLANG_ANALYZER_NUMBER_OBJECT_CONVERSION = YES_AGGRESSIVE;
				CLANG_CXX_LANGUAGE_STANDARD = "gnu++14";
				CLANG_CXX_LIBRARY = "libc++";
				CLANG_ENABLE_MODULES = YES;
				CLANG_ENABLE_OBJC_ARC = YES;
				CLANG_ENABLE_OBJC_WEAK = YES;
				CLANG_WARN_BLOCK_CAPTURE_AUTORELEASING = YES;
				CLANG_WARN_BOOL_CONVERSION = YES;
				CLANG_WARN_COMMA = YES;
				CLANG_WARN_CONSTANT_CONVERSION = YES;
				CLANG_WARN_DEPRECATED_OBJC_IMPLEMENTATIONS = YES;
				CLANG_WARN_DIRECT_OBJC_ISA_USAGE = YES_ERROR;
				CLANG_WARN_DOCUMENTATION_COMMENTS = YES;
				CLANG_WARN_EMPTY_BODY = YES;
				CLANG_WARN_ENUM_CONVERSION = YES;
				CLANG_WARN_INFINITE_RECURSION = YES;
				CLANG_WARN_INT_CONVERSION = YES;
				CLANG_WARN_NON_LITERAL_NULL_CONVERSION = YES;
				CLANG_WARN_OBJC_IMPLICIT_RETAIN_SELF = YES;
				CLANG_WARN_OBJC_LITERAL_CONVERSION = YES;
				CLANG_WARN_OBJC_ROOT_CLASS = YES_ERROR;
				CLANG_WARN_RANGE_LOOP_ANALYSIS = YES;
				CLANG_WARN_STRICT_PROTOTYPES = YES;
				CLANG_WARN_SUSPICIOUS_MOVE = YES;
				CLANG_WARN_UNGUARDED_AVAILABILITY = YES_AGGRESSIVE;
				CLANG_WARN_UNREACHABLE_CODE = YES;
				CLANG_WARN__DUPLICATE_METHOD_MATCH = YES;
				CODE_SIGN_IDENTITY = "iPhone Developer";
				COPY_PHASE_STRIP = NO;
				DEBUG_INFORMATION_FORMAT = "dwarf-with-dsym";
				ENABLE_NS_ASSERTIONS = NO;
				ENABLE_STRICT_OBJC_MSGSEND = YES;
				GCC_C_LANGUAGE_STANDARD = gnu11;
				GCC_NO_COMMON_BLOCKS = YES;
				GCC_WARN_64_TO_32_BIT_CONVERSION = YES;
				GCC_WARN_ABOUT_RETURN_TYPE = YES_ERROR;
				GCC_WARN_UNDECLARED_SELECTOR = YES;
				GCC_WARN_UNINITIALIZED_AUTOS = YES_AGGRESSIVE;
				GCC_WARN_UNUSED_FUNCTION = YES;
				GCC_WARN_UNUSED_VARIABLE = YES;
				IPHONEOS_DEPLOYMENT_TARGET = 12.0;
				MTL_ENABLE_DEBUG_INFO = NO;
				MTL_FAST_MATH = YES;
				SDKROOT = iphoneos;
				SWIFT_COMPILATION_MODE = wholemodule;
				SWIFT_OPTIMIZATION_LEVEL = "-O";
				VALIDATE_PRODUCT = YES;
			};
			name = Release;
		};
		94591C3B217111DF001795A3 /* Debug */ = {
			isa = XCBuildConfiguration;
			buildSettings = {
				ASSETCATALOG_COMPILER_APPICON_NAME = AppIcon;
				CODE_SIGN_STYLE = Automatic;
				INFOPLIST_FILE = map/Info.plist;
				LD_RUNPATH_SEARCH_PATHS = (
					"$(inherited)",
					"@executable_path/Frameworks",
				);
				PRODUCT_BUNDLE_IDENTIFIER = map.map;
				PRODUCT_NAME = "$(TARGET_NAME)";
				SWIFT_VERSION = 4.2;
				TARGETED_DEVICE_FAMILY = "1,2";
			};
			name = Debug;
		};
		94591C3C217111DF001795A3 /* Release */ = {
			isa = XCBuildConfiguration;
			buildSettings = {
				ASSETCATALOG_COMPILER_APPICON_NAME = AppIcon;
				CODE_SIGN_STYLE = Automatic;
				INFOPLIST_FILE = map/Info.plist;
				LD_RUNPATH_SEARCH_PATHS = (
					"$(inherited)",
					"@executable_path/Frameworks",
				);
				PRODUCT_BUNDLE_IDENTIFIER = map.map;
				PRODUCT_NAME = "$(TARGET_NAME)";
				SWIFT_VERSION = 4.2;
				TARGETED_DEVICE_FAMILY = "1,2";
			};
			name = Release;
		};
		94591C3E217111DF001795A3 /* Debug */ = {
			isa = XCBuildConfiguration;
			buildSettings = {
				ALWAYS_EMBED_SWIFT_STANDARD_LIBRARIES = YES;
				BUNDLE_LOADER = "$(TEST_HOST)";
				CODE_SIGN_STYLE = Automatic;
				INFOPLIST_FILE = mapTests/Info.plist;
				LD_RUNPATH_SEARCH_PATHS = (
					"$(inherited)",
					"@executable_path/Frameworks",
					"@loader_path/Frameworks",
				);
				PRODUCT_BUNDLE_IDENTIFIER = map.mapTests;
				PRODUCT_NAME = "$(TARGET_NAME)";
				SWIFT_VERSION = 4.2;
				TARGETED_DEVICE_FAMILY = "1,2";
				TEST_HOST = "$(BUILT_PRODUCTS_DIR)/map.app/map";
			};
			name = Debug;
		};
		94591C3F217111DF001795A3 /* Release */ = {
			isa = XCBuildConfiguration;
			buildSettings = {
				ALWAYS_EMBED_SWIFT_STANDARD_LIBRARIES = YES;
				BUNDLE_LOADER = "$(TEST_HOST)";
				CODE_SIGN_STYLE = Automatic;
				INFOPLIST_FILE = mapTests/Info.plist;
				LD_RUNPATH_SEARCH_PATHS = (
					"$(inherited)",
					"@executable_path/Frameworks",
					"@loader_path/Frameworks",
				);
				PRODUCT_BUNDLE_IDENTIFIER = map.mapTests;
				PRODUCT_NAME = "$(TARGET_NAME)";
				SWIFT_VERSION = 4.2;
				TARGETED_DEVICE_FAMILY = "1,2";
				TEST_HOST = "$(BUILT_PRODUCTS_DIR)/map.app/map";
			};
			name = Release;
		};
		94591C41217111DF001795A3 /* Debug */ = {
			isa = XCBuildConfiguration;
			buildSettings = {
				ALWAYS_EMBED_SWIFT_STANDARD_LIBRARIES = YES;
				CODE_SIGN_STYLE = Automatic;
				INFOPLIST_FILE = mapUITests/Info.plist;
				LD_RUNPATH_SEARCH_PATHS = (
					"$(inherited)",
					"@executable_path/Frameworks",
					"@loader_path/Frameworks",
				);
				PRODUCT_BUNDLE_IDENTIFIER = map.mapUITests;
				PRODUCT_NAME = "$(TARGET_NAME)";
				SWIFT_VERSION = 4.2;
				TARGETED_DEVICE_FAMILY = "1,2";
				TEST_TARGET_NAME = map;
			};
			name = Debug;
		};
		94591C42217111DF001795A3 /* Release */ = {
			isa = XCBuildConfiguration;
			buildSettings = {
				ALWAYS_EMBED_SWIFT_STANDARD_LIBRARIES = YES;
				CODE_SIGN_STYLE = Automatic;
				INFOPLIST_FILE = mapUITests/Info.plist;
				LD_RUNPATH_SEARCH_PATHS = (
					"$(inherited)",
					"@executable_path/Frameworks",
					"@loader_path/Frameworks",
				);
				PRODUCT_BUNDLE_IDENTIFIER = map.mapUITests;
				PRODUCT_NAME = "$(TARGET_NAME)";
				SWIFT_VERSION = 4.2;
				TARGETED_DEVICE_FAMILY = "1,2";
				TEST_TARGET_NAME = map;
			};
			name = Release;
		};
/* End XCBuildConfiguration section */

/* Begin XCConfigurationList section */
		94591C0A217111DC001795A3 /* Build configuration list for PBXProject "map" */ = {
			isa = XCConfigurationList;
			buildConfigurations = (
				94591C38217111DF001795A3 /* Debug */,
				94591C39217111DF001795A3 /* Release */,
			);
			defaultConfigurationIsVisible = 0;
			defaultConfigurationName = Release;
		};
		94591C3A217111DF001795A3 /* Build configuration list for PBXNativeTarget "map" */ = {
			isa = XCConfigurationList;
			buildConfigurations = (
				94591C3B217111DF001795A3 /* Debug */,
				94591C3C217111DF001795A3 /* Release */,
			);
			defaultConfigurationIsVisible = 0;
			defaultConfigurationName = Release;
		};
		94591C3D217111DF001795A3 /* Build configuration list for PBXNativeTarget "mapTests" */ = {
			isa = XCConfigurationList;
			buildConfigurations = (
				94591C3E217111DF001795A3 /* Debug */,
				94591C3F217111DF001795A3 /* Release */,
			);
			defaultConfigurationIsVisible = 0;
			defaultConfigurationName = Release;
		};
		94591C40217111DF001795A3 /* Build configuration list for PBXNativeTarget "mapUITests" */ = {
			isa = XCConfigurationList;
			buildConfigurations = (
				94591C41217111DF001795A3 /* Debug */,
				94591C42217111DF001795A3 /* Release */,
			);
			defaultConfigurationIsVisible = 0;
			defaultConfigurationName = Release;
		};
/* End XCConfigurationList section */

/* Begin XCVersionGroup section */
		94591C19217111DC001795A3 /* map.xcdatamodeld */ = {
			isa = XCVersionGroup;
			children = (
				94591C1A217111DC001795A3 /* map.xcdatamodel */,
			);
			currentVersion = 94591C1A217111DC001795A3 /* map.xcdatamodel */;
			path = map.xcdatamodeld;
			sourceTree = "<group>";
			versionGroupType = wrapper.xcdatamodel;
		};
/* End XCVersionGroup section */
	};
	rootObject = 94591C07217111DC001795A3 /* Project object */;
}
